
Microsoft Visual Studio Solution File, Format Version 11.00
# Visual C++ Express 2010
Project("{8BC9CEB8-8B4A-11D0-8D11-00A0C91BC942}") = "HW(암호화)", "HW(암호화)\HW(암호화).vcxproj", "{6162302C-A42F-45A3-89F5-A293C537B0EB}"
EndProject
Project("{8BC9CEB8-8B4A-11D0-8D11-00A0C91BC942}") = "Pra(암호화)", "Pra(암호화)\Pra(암호화).vcxproj", "{07C9B473-4EEE-473F-BBF0-FAF8E5D7FE66}"
EndProject
Global
	GlobalSection(SolutionConfigurationPlatforms) = preSolution
		Debug|Win32 = Debug|Win32
		Release|Win32 = Release|Win32
	EndGlobalSection
	GlobalSection(ProjectConfigurationPlatforms) = postSolution
		{6162302C-A42F-45A3-89F5-A293C537B0EB}.Debug|Win32.ActiveCfg = Debug|Win32
		{6162302C-A42F-45A3-89F5-A293C537B0EB}.Debug|Win32.Build.0 = Debug|Win32
		{6162302C-A42F-45A3-89F5-A293C537B0EB}.Release|Win32.ActiveCfg = Release|Win32
		{6162302C-A42F-45A3-89F5-A293C537B0EB}.Release|Win32.Build.0 = Release|Win32
		{07C9B473-4EEE-473F-BBF0-FAF8E5D7FE66}.Debug|Win32.ActiveCfg = Debug|Win32
		{07C9B473-4EEE-473F-BBF0-FAF8E5D7FE66}.Debug|Win32.Build.0 = Debug|Win32
		{07C9B473-4EEE-473F-BBF0-FAF8E5D7FE66}.Release|Win32.ActiveCfg = Release|Win32
		{07C9B473-4EEE-473F-BBF0-FAF8E5D7FE66}.Release|Win32.Build.0 = Release|Win32
	EndGlobalSection
	GlobalSection(SolutionProperties) = preSolution
		HideSolutionNode = FALSE
	EndGlobalSection
EndGlobal
